
Microsoft Visual Studio Solution File, Format Version 12.00
# Visual Studio Version 17
VisualStudioVersion = 17.10.34928.147
MinimumVisualStudioVersion = 10.0.40219.1
Project("{FAE04EC0-301F-11D3-BF4B-00C04F79EFBC}") = "Jale Xanm", "Jale Xanm\Jale Xanm.csproj", "{3D2BADE4-A7AC-4D6C-B447-E9AC38E5A4E0}"
EndProject
Global
	GlobalSection(SolutionConfigurationPlatforms) = preSolution
		Debug|Any CPU = Debug|Any CPU
		Release|Any CPU = Release|Any CPU
	EndGlobalSection
	GlobalSection(ProjectConfigurationPlatforms) = postSolution
		{3D2BADE4-A7AC-4D6C-B447-E9AC38E5A4E0}.Debug|Any CPU.ActiveCfg = Debug|Any CPU
		{3D2BADE4-A7AC-4D6C-B447-E9AC38E5A4E0}.Debug|Any CPU.Build.0 = Debug|Any CPU
		{3D2BADE4-A7AC-4D6C-B447-E9AC38E5A4E0}.Release|Any CPU.ActiveCfg = Release|Any CPU
		{3D2BADE4-A7AC-4D6C-B447-E9AC38E5A4E0}.Release|Any CPU.Build.0 = Release|Any CPU
	EndGlobalSection
	GlobalSection(SolutionProperties) = preSolution
		HideSolutionNode = FALSE
	EndGlobalSection
	GlobalSection(ExtensibilityGlobals) = postSolution
		SolutionGuid = {1C1A78AC-BE89-482F-92A1-187068727090}
	EndGlobalSection
EndGlobal
